
Microsoft Visual Studio Solution File, Format Version 12.00
# Visual Studio Version 16
VisualStudioVersion = 16.0.808.4
MinimumVisualStudioVersion = 10.0.40219.1
Project("{F184B08F-C81C-45F6-A57F-5ABD9991F28F}") = "eks-vb-net", "eks-vb-net.vbproj", "{7FB25A2A-402F-49BD-815F-499D96C1ED31}"
EndProject
Global
	GlobalSection(SolutionConfigurationPlatforms) = preSolution
		Debug|Any CPU = Debug|Any CPU
		Release|Any CPU = Release|Any CPU
	EndGlobalSection
	GlobalSection(ProjectConfigurationPlatforms) = postSolution
		{7FB25A2A-402F-49BD-815F-499D96C1ED31}.Debug|Any CPU.ActiveCfg = Debug|Any CPU
		{7FB25A2A-402F-49BD-815F-499D96C1ED31}.Debug|Any CPU.Build.0 = Debug|Any CPU
		{7FB25A2A-402F-49BD-815F-499D96C1ED31}.Release|Any CPU.ActiveCfg = Release|Any CPU
		{7FB25A2A-402F-49BD-815F-499D96C1ED31}.Release|Any CPU.Build.0 = Release|Any CPU
	EndGlobalSection
	GlobalSection(SolutionProperties) = preSolution
		HideSolutionNode = FALSE
	EndGlobalSection
	GlobalSection(ExtensibilityGlobals) = postSolution
		SolutionGuid = {4AE04460-6C81-4BBA-B42C-737DDA9919E6}
	EndGlobalSection
EndGlobal
